// !$*UTF8*$!
{
	archiveVersion = 1;
	classes = {
	};
	objectVersion = 50;
	objects = {

/* Begin PBXBuildFile section */
		D822FC1725E1000E000E25D2 /* AppDelegate.swift in Sources */ = {isa = PBXBuildFile; fileRef = D822FC1625E1000E000E25D2 /* AppDelegate.swift */; };
		D822FC1925E1000E000E25D2 /* SceneDelegate.swift in Sources */ = {isa = PBXBuildFile; fileRef = D822FC1825E1000E000E25D2 /* SceneDelegate.swift */; };
		D822FC1B25E1000E000E25D2 /* ViewController.swift in Sources */ = {isa = PBXBuildFile; fileRef = D822FC1A25E1000E000E25D2 /* ViewController.swift */; };
		D822FC1E25E1000E000E25D2 /* Main.storyboard in Resources */ = {isa = PBXBuildFile; fileRef = D822FC1C25E1000E000E25D2 /* Main.storyboard */; };
		D822FC2025E10011000E25D2 /* Assets.xcassets in Resources */ = {isa = PBXBuildFile; fileRef = D822FC1F25E10011000E25D2 /* Assets.xcassets */; };
		D822FC2325E10011000E25D2 /* LaunchScreen.storyboard in Resources */ = {isa = PBXBuildFile; fileRef = D822FC2125E10011000E25D2 /* LaunchScreen.storyboard */; };
		D822FC2C25E1090C000E25D2 /* BlueViewController.swift in Sources */ = {isa = PBXBuildFile; fileRef = D822FC2B25E1090C000E25D2 /* BlueViewController.swift */; };
		D822FC2F25E10914000E25D2 /* OrangeViewController.swift in Sources */ = {isa = PBXBuildFile; fileRef = D822FC2E25E10914000E25D2 /* OrangeViewController.swift */; };
		D865933525E3F6610089ED82 /* GreenViewController.swift in Sources */ = {isa = PBXBuildFile; fileRef = D865933425E3F6610089ED82 /* GreenViewController.swift */; };
/* End PBXBuildFile section */

/* Begin PBXFileReference section */
		D822FC1325E1000E000E25D2 /* ExperimentChildViewController.app */ = {isa = PBXFileReference; explicitFileType = wrapper.application; includeInIndex = 0; path = ExperimentChildViewController.app; sourceTree = BUILT_PRODUCTS_DIR; };
		D822FC1625E1000E000E25D2 /* AppDelegate.swift */ = {isa = PBXFileReference; lastKnownFileType = sourcecode.swift; path = AppDelegate.swift; sourceTree = "<group>"; };
		D822FC1825E1000E000E25D2 /* SceneDelegate.swift */ = {isa = PBXFileReference; lastKnownFileType = sourcecode.swift; path = SceneDelegate.swift; sourceTree = "<group>"; };
		D822FC1A25E1000E000E25D2 /* ViewController.swift */ = {isa = PBXFileReference; lastKnownFileType = sourcecode.swift; path = ViewController.swift; sourceTree = "<group>"; };
		D822FC1D25E1000E000E25D2 /* Base */ = {isa = PBXFileReference; lastKnownFileType = file.storyboard; name = Base; path = Base.lproj/Main.storyboard; sourceTree = "<group>"; };
		D822FC1F25E10011000E25D2 /* Assets.xcassets */ = {isa = PBXFileReference; lastKnownFileType = folder.assetcatalog; path = Assets.xcassets; sourceTree = "<group>"; };
		D822FC2225E10011000E25D2 /* Base */ = {isa = PBXFileReference; lastKnownFileType = file.storyboard; name = Base; path = Base.lproj/LaunchScreen.storyboard; sourceTree = "<group>"; };
		D822FC2425E10011000E25D2 /* Info.plist */ = {isa = PBXFileReference; lastKnownFileType = text.plist.xml; path = Info.plist; sourceTree = "<group>"; };
		D822FC2B25E1090C000E25D2 /* BlueViewController.swift */ = {isa = PBXFileReference; lastKnownFileType = sourcecode.swift; path = BlueViewController.swift; sourceTree = "<group>"; };
		D822FC2E25E10914000E25D2 /* OrangeViewController.swift */ = {isa = PBXFileReference; lastKnownFileType = sourcecode.swift; path = OrangeViewController.swift; sourceTree = "<group>"; };
		D865933425E3F6610089ED82 /* GreenViewController.swift */ = {isa = PBXFileReference; lastKnownFileType = sourcecode.swift; path = GreenViewController.swift; sourceTree = "<group>"; };
/* End PBXFileReference section */

/* Begin PBXFrameworksBuildPhase section */
		D822FC1025E1000E000E25D2 /* Frameworks */ = {
			isa = PBXFrameworksBuildPhase;
			buildActionMask = 2147483647;
			files = (
			);
			runOnlyForDeploymentPostprocessing = 0;
		};
/* End PBXFrameworksBuildPhase section */

/* Begin PBXGroup section */
		D822FC0A25E1000E000E25D2 = {
			isa = PBXGroup;
			children = (
				D822FC1525E1000E000E25D2 /* ExperimentChildViewController */,
				D822FC1425E1000E000E25D2 /* Products */,
			);
			sourceTree = "<group>";
		};
		D822FC1425E1000E000E25D2 /* Products */ = {
			isa = PBXGroup;
			children = (
				D822FC1325E1000E000E25D2 /* ExperimentChildViewController.app */,
			);
			name = Products;
			sourceTree = "<group>";
		};
		D822FC1525E1000E000E25D2 /* ExperimentChildViewController */ = {
			isa = PBXGroup;
			children = (
				D822FC1625E1000E000E25D2 /* AppDelegate.swift */,
				D822FC1825E1000E000E25D2 /* SceneDelegate.swift */,
				D822FC1A25E1000E000E25D2 /* ViewController.swift */,
				D822FC2B25E1090C000E25D2 /* BlueViewController.swift */,
				D822FC2E25E10914000E25D2 /* OrangeViewController.swift */,
				D865933425E3F6610089ED82 /* GreenViewController.swift */,
				D822FC1C25E1000E000E25D2 /* Main.storyboard */,
				D822FC1F25E10011000E25D2 /* Assets.xcassets */,
				D822FC2125E10011000E25D2 /* LaunchScreen.storyboard */,
				D822FC2425E10011000E25D2 /* Info.plist */,
			);
			path = ExperimentChildViewController;
			sourceTree = "<group>";
		};
/* End PBXGroup section */

/* Begin PBXNativeTarget section */
		D822FC1225E1000E000E25D2 /* ExperimentChildViewController */ = {
			isa = PBXNativeTarget;
			buildConfigurationList = D822FC2725E10011000E25D2 /* Build configuration list for PBXNativeTarget "ExperimentChildViewController" */;
			buildPhases = (
				D822FC0F25E1000E000E25D2 /* Sources */,
				D822FC1025E1000E000E25D2 /* Frameworks */,
				D822FC1125E1000E000E25D2 /* Resources */,
			);
			buildRules = (
			);
			dependencies = (
			);
			name = ExperimentChildViewController;
			productName = ExperimentChildViewController;
			productReference = D822FC1325E1000E000E25D2 /* ExperimentChildViewController.app */;
			productType = "com.apple.product-type.application";
		};
/* End PBXNativeTarget section */

/* Begin PBXProject section */
		D822FC0B25E1000E000E25D2 /* Project object */ = {
			isa = PBXProject;
			attributes = {
				LastSwiftUpdateCheck = 1240;
				LastUpgradeCheck = 1240;
				TargetAttributes = {
					D822FC1225E1000E000E25D2 = {
						CreatedOnToolsVersion = 12.4;
					};
				};
			};
			buildConfigurationList = D822FC0E25E1000E000E25D2 /* Build configuration list for PBXProject "ExperimentChildViewController" */;
			compatibilityVersion = "Xcode 9.3";
			developmentRegion = en;
			hasScannedForEncodings = 0;
			knownRegions = (
				en,
				Base,
			);
			mainGroup = D822FC0A25E1000E000E25D2;
			productRefGroup = D822FC1425E1000E000E25D2 /* Products */;
			projectDirPath = "";
			projectRoot = "";
			targets = (
				D822FC1225E1000E000E25D2 /* ExperimentChildViewController */,
			);
		};
/* End PBXProject section */

/* Begin PBXResourcesBuildPhase section */
		D822FC1125E1000E000E25D2 /* Resources */ = {
			isa = PBXResourcesBuildPhase;
			buildActionMask = 2147483647;
			files = (
				D822FC2325E10011000E25D2 /* LaunchScreen.storyboard in Resources */,
				D822FC2025E10011000E25D2 /* Assets.xcassets in Resources */,
				D822FC1E25E1000E000E25D2 /* Main.storyboard in Resources */,
			);
			runOnlyForDeploymentPostprocessing = 0;
		};
/* End PBXResourcesBuildPhase section */

/* Begin PBXSourcesBuildPhase section */
		D822FC0F25E1000E000E25D2 /* Sources */ = {
			isa = PBXSourcesBuildPhase;
			buildActionMask = 2147483647;
			files = (
				D865933525E3F6610089ED82 /* GreenViewController.swift in Sources */,
				D822FC1B25E1000E000E25D2 /* ViewController.swift in Sources */,
				D822FC2F25E10914000E25D2 /* OrangeViewController.swift in Sources */,
				D822FC1725E1000E000E25D2 /* AppDelegate.swift in Sources */,
				D822FC2C25E1090C000E25D2 /* BlueViewController.swift in Sources */,
				D822FC1925E1000E000E25D2 /* SceneDelegate.swift in Sources */,
			);
			runOnlyForDeploymentPostprocessing = 0;
		};
/* End PBXSourcesBuildPhase section */

/* Begin PBXVariantGroup section */
		D822FC1C25E1000E000E25D2 /* Main.storyboard */ = {
			isa = PBXVariantGroup;
			children = (
				D822FC1D25E1000E000E25D2 /* Base */,
			);
			name = Main.storyboard;
			sourceTree = "<group>";
		};
		D822FC2125E10011000E25D2 /* LaunchScreen.storyboard */ = {
			isa = PBXVariantGroup;
			children = (
				D822FC2225E10011000E25D2 /* Base */,
			);
			name = LaunchScreen.storyboard;
			sourceTree = "<group>";
		};
/* End PBXVariantGroup section */

/* Begin XCBuildConfiguration section */
		D822FC2525E10011000E25D2 /* Debug */ = {
			isa = XCBuildConfiguration;
			buildSettings = {
				ALWAYS_SEARCH_USER_PATHS = NO;
				CLANG_ANALYZER_NONNULL = YES;
				CLANG_ANALYZER_NUMBER_OBJECT_CONVERSION = YES_AGGRESSIVE;
				CLANG_CXX_LANGUAGE_STANDARD = "gnu++14";
				CLANG_CXX_LIBRARY = "libc++";
				CLANG_ENABLE_MODULES = YES;
				CLANG_ENABLE_OBJC_ARC = YES;
				CLANG_ENABLE_OBJC_WEAK = YES;
				CLANG_WARN_BLOCK_CAPTURE_AUTORELEASING = YES;
				CLANG_WARN_BOOL_CONVERSION = YES;
				CLANG_WARN_COMMA = YES;
				CLANG_WARN_CONSTANT_CONVERSION = YES;
				CLANG_WARN_DEPRECATED_OBJC_IMPLEMENTATIONS = YES;
				CLANG_WARN_DIRECT_OBJC_ISA_USAGE = YES_ERROR;
				CLANG_WARN_DOCUMENTATION_COMMENTS = YES;
				CLANG_WARN_EMPTY_BODY = YES;
				CLANG_WARN_ENUM_CONVERSION = YES;
				CLANG_WARN_INFINITE_RECURSION = YES;
				CLANG_WARN_INT_CONVERSION = YES;
				CLANG_WARN_NON_LITERAL_NULL_CONVERSION = YES;
				CLANG_WARN_OBJC_IMPLICIT_RETAIN_SELF = YES;
				CLANG_WARN_OBJC_LITERAL_CONVERSION = YES;
				CLANG_WARN_OBJC_ROOT_CLASS = YES_ERROR;
				CLANG_WARN_QUOTED_INCLUDE_IN_FRAMEWORK_HEADER = YES;
				CLANG_WARN_RANGE_LOOP_ANALYSIS = YES;
				CLANG_WARN_STRICT_PROTOTYPES = YES;
				CLANG_WARN_SUSPICIOUS_MOVE = YES;
				CLANG_WARN_UNGUARDED_AVAILABILITY = YES_AGGRESSIVE;
				CLANG_WARN_UNREACHABLE_CODE = YES;
				CLANG_WARN__DUPLICATE_METHOD_MATCH = YES;
				COPY_PHASE_STRIP = NO;
				DEBUG_INFORMATION_FORMAT = dwarf;
				ENABLE_STRICT_OBJC_MSGSEND = YES;
				ENABLE_TESTABILITY = YES;
				GCC_C_LANGUAGE_STANDARD = gnu11;
				GCC_DYNAMIC_NO_PIC = NO;
				GCC_NO_COMMON_BLOCKS = YES;
				GCC_OPTIMIZATION_LEVEL = 0;
				GCC_PREPROCESSOR_DEFINITIONS = (
					"DEBUG=1",
					"$(inherited)",
				);
				GCC_WARN_64_TO_32_BIT_CONVERSION = YES;
				GCC_WARN_ABOUT_RETURN_TYPE = YES_ERROR;
				GCC_WARN_UNDECLARED_SELECTOR = YES;
				GCC_WARN_UNINITIALIZED_AUTOS = YES_AGGRESSIVE;
				GCC_WARN_UNUSED_FUNCTION = YES;
				GCC_WARN_UNUSED_VARIABLE = YES;
				IPHONEOS_DEPLOYMENT_TARGET = 14.4;
				MTL_ENABLE_DEBUG_INFO = INCLUDE_SOURCE;
				MTL_FAST_MATH = YES;
				ONLY_ACTIVE_ARCH = YES;
				SDKROOT = iphoneos;
				SWIFT_ACTIVE_COMPILATION_CONDITIONS = DEBUG;
				SWIFT_OPTIMIZATION_LEVEL = "-Onone";
			};
			name = Debug;
		};
		D822FC2625E10011000E25D2 /* Release */ = {
			isa = XCBuildConfiguration;
			buildSettings = {
				ALWAYS_SEARCH_USER_PATHS = NO;
				CLANG_ANALYZER_NONNULL = YES;
				CLANG_ANALYZER_NUMBER_OBJECT_CONVERSION = YES_AGGRESSIVE;
				CLANG_CXX_LANGUAGE_STANDARD = "gnu++14";
				CLANG_CXX_LIBRARY = "libc++";
				CLANG_ENABLE_MODULES = YES;
				CLANG_ENABLE_OBJC_ARC = YES;
				CLANG_ENABLE_OBJC_WEAK = YES;
				CLANG_WARN_BLOCK_CAPTURE_AUTORELEASING = YES;
				CLANG_WARN_BOOL_CONVERSION = YES;
				CLANG_WARN_COMMA = YES;
				CLANG_WARN_CONSTANT_CONVERSION = YES;
				CLANG_WARN_DEPRECATED_OBJC_IMPLEMENTATIONS = YES;
				CLANG_WARN_DIRECT_OBJC_ISA_USAGE = YES_ERROR;
				CLANG_WARN_DOCUMENTATION_COMMENTS = YES;
				CLANG_WARN_EMPTY_BODY = YES;
				CLANG_WARN_ENUM_CONVERSION = YES;
				CLANG_WARN_INFINITE_RECURSION = YES;
				CLANG_WARN_INT_CONVERSION = YES;
				CLANG_WARN_NON_LITERAL_NULL_CONVERSION = YES;
				CLANG_WARN_OBJC_IMPLICIT_RETAIN_SELF = YES;
				CLANG_WARN_OBJC_LITERAL_CONVERSION = YES;
				CLANG_WARN_OBJC_ROOT_CLASS = YES_ERROR;
				CLANG_WARN_QUOTED_INCLUDE_IN_FRAMEWORK_HEADER = YES;
				CLANG_WARN_RANGE_LOOP_ANALYSIS = YES;
				CLANG_WARN_STRICT_PROTOTYPES = YES;
				CLANG_WARN_SUSPICIOUS_MOVE = YES;
				CLANG_WARN_UNGUARDED_AVAILABILITY = YES_AGGRESSIVE;
				CLANG_WARN_UNREACHABLE_CODE = YES;
				CLANG_WARN__DUPLICATE_METHOD_MATCH = YES;
				COPY_PHASE_STRIP = NO;
				DEBUG_INFORMATION_FORMAT = "dwarf-with-dsym";
				ENABLE_NS_ASSERTIONS = NO;
				ENABLE_STRICT_OBJC_MSGSEND = YES;
				GCC_C_LANGUAGE_STANDARD = gnu11;
				GCC_NO_COMMON_BLOCKS = YES;
				GCC_WARN_64_TO_32_BIT_CONVERSION = YES;
				GCC_WARN_ABOUT_RETURN_TYPE = YES_ERROR;
				GCC_WARN_UNDECLARED_SELECTOR = YES;
				GCC_WARN_UNINITIALIZED_AUTOS = YES_AGGRESSIVE;
				GCC_WARN_UNUSED_FUNCTION = YES;
				GCC_WARN_UNUSED_VARIABLE = YES;
				IPHONEOS_DEPLOYMENT_TARGET = 14.4;
				MTL_ENABLE_DEBUG_INFO = NO;
				MTL_FAST_MATH = YES;
				SDKROOT = iphoneos;
				SWIFT_COMPILATION_MODE = wholemodule;
				SWIFT_OPTIMIZATION_LEVEL = "-O";
				VALIDATE_PRODUCT = YES;
			};
			name = Release;
		};
		D822FC2825E10011000E25D2 /* Debug */ = {
			isa = XCBuildConfiguration;
			buildSettings = {
				ASSETCATALOG_COMPILER_APPICON_NAME = AppIcon;
				ASSETCATALOG_COMPILER_GLOBAL_ACCENT_COLOR_NAME = AccentColor;
				CODE_SIGN_STYLE = Automatic;
				DEVELOPMENT_TEAM = L26296X6MQ;
				INFOPLIST_FILE = ExperimentChildViewController/Info.plist;
				IPHONEOS_DEPLOYMENT_TARGET = 13.0;
				LD_RUNPATH_SEARCH_PATHS = (
					"$(inherited)",
					"@executable_path/Frameworks",
				);
				PRODUCT_BUNDLE_IDENTIFIER = com.hanapte.ExperimentChildViewController;
				PRODUCT_NAME = "$(TARGET_NAME)";
				SWIFT_VERSION = 5.0;
				TARGETED_DEVICE_FAMILY = "1,2";
			};
			name = Debug;
		};
		D822FC2925E10011000E25D2 /* Release */ = {
			isa = XCBuildConfiguration;
			buildSettings = {
				ASSETCATALOG_COMPILER_APPICON_NAME = AppIcon;
				ASSETCATALOG_COMPILER_GLOBAL_ACCENT_COLOR_NAME = AccentColor;
				CODE_SIGN_STYLE = Automatic;
				DEVELOPMENT_TEAM = L26296X6MQ;
				INFOPLIST_FILE = ExperimentChildViewController/Info.plist;
				IPHONEOS_DEPLOYMENT_TARGET = 13.0;
				LD_RUNPATH_SEARCH_PATHS = (
					"$(inherited)",
					"@executable_path/Frameworks",
				);
				PRODUCT_BUNDLE_IDENTIFIER = com.hanapte.ExperimentChildViewController;
				PRODUCT_NAME = "$(TARGET_NAME)";
				SWIFT_VERSION = 5.0;
				TARGETED_DEVICE_FAMILY = "1,2";
			};
			name = Release;
		};
/* End XCBuildConfiguration section */

/* Begin XCConfigurationList section */
		D822FC0E25E1000E000E25D2 /* Build configuration list for PBXProject "ExperimentChildViewController" */ = {
			isa = XCConfigurationList;
			buildConfigurations = (
				D822FC2525E10011000E25D2 /* Debug */,
				D822FC2625E10011000E25D2 /* Release */,
			);
			defaultConfigurationIsVisible = 0;
			defaultConfigurationName = Release;
		};
		D822FC2725E10011000E25D2 /* Build configuration list for PBXNativeTarget "ExperimentChildViewController" */ = {
			isa = XCConfigurationList;
			buildConfigurations = (
				D822FC2825E10011000E25D2 /* Debug */,
				D822FC2925E10011000E25D2 /* Release */,
			);
			defaultConfigurationIsVisible = 0;
			defaultConfigurationName = Release;
		};
/* End XCConfigurationList section */
	};
	rootObject = D822FC0B25E1000E000E25D2 /* Project object */;
}
